
Microsoft Visual Studio Solution File, Format Version 12.00
Project("{FAE04EC0-301F-11D3-BF4B-00C04F79EFBC}") = "CPG1", "CPG1\CPG1.csproj", "{2F45B7AE-AFDD-4C60-83A4-93C749A5EB77}"
EndProject
Project("{FAE04EC0-301F-11D3-BF4B-00C04F79EFBC}") = "CPG2", "CPG2\CPG2.csproj", "{B60A40D2-4C58-405E-AF96-86ACC94441FC}"
EndProject
Project("{FAE04EC0-301F-11D3-BF4B-00C04F79EFBC}") = "CPG3", "CPG3\CPG3.csproj", "{AE3AC8B2-6BAA-4C8E-AC05-03DA2833284A}"
EndProject
Project("{FAE04EC0-301F-11D3-BF4B-00C04F79EFBC}") = "CPG4", "CPG4\CPG4.csproj", "{39894878-DC1B-4AA0-93B3-3CEC055942E7}"
EndProject
Project("{FAE04EC0-301F-11D3-BF4B-00C04F79EFBC}") = "CPG5", "CPG5\CPG5.csproj", "{7CA5DA58-7DD7-4494-8714-D6E5ECB318BA}"
EndProject
Project("{FAE04EC0-301F-11D3-BF4B-00C04F79EFBC}") = "CPG6", "CPG6\CPG6.csproj", "{009E658E-AD7D-4AF7-AA5B-20C18E4E73BB}"
EndProject
Project("{FAE04EC0-301F-11D3-BF4B-00C04F79EFBC}") = "CPG7", "CPG7\CPG7.csproj", "{1ABCD087-7DCF-446B-8A22-ED1A80273051}"
EndProject
Project("{FAE04EC0-301F-11D3-BF4B-00C04F79EFBC}") = "CPG8", "CPG8\CPG8.csproj", "{293B62A4-6C6A-4759-9FB1-CE7B1B60A823}"
EndProject
Project("{FAE04EC0-301F-11D3-BF4B-00C04F79EFBC}") = "CPG9", "CPG9\CPG9.csproj", "{0206FCE5-3044-4F8F-9AEA-EEDC6F1B4D13}"
EndProject
Project("{FAE04EC0-301F-11D3-BF4B-00C04F79EFBC}") = "CPG10", "CPG10\CPG10.csproj", "{10CEF4FE-3D85-48E7-A5AC-3E9BBE4A5011}"
EndProject
Project("{FAE04EC0-301F-11D3-BF4B-00C04F79EFBC}") = "CPG11", "CPG11\CPG11.csproj", "{F86BEBD8-E1E2-416C-B850-4FE417D27250}"
EndProject
Project("{FAE04EC0-301F-11D3-BF4B-00C04F79EFBC}") = "CPG12", "CPG12\CPG12.csproj", "{30AEEF68-D907-4FAC-9434-39990CF1E3BB}"
EndProject
Project("{FAE04EC0-301F-11D3-BF4B-00C04F79EFBC}") = "CPG13", "CPG13\CPG13.csproj", "{94CCA004-8E9E-4653-BF92-369A2D41ECFA}"
EndProject
Project("{FAE04EC0-301F-11D3-BF4B-00C04F79EFBC}") = "CPG14", "CPG14\CPG14.csproj", "{B793BE46-E7B6-4F68-AD26-4FFEBB489ADA}"
EndProject
Project("{FAE04EC0-301F-11D3-BF4B-00C04F79EFBC}") = "CPG15", "CPG15\CPG15.csproj", "{6B0C9DD1-8058-407E-A7EB-64DF41A93E57}"
EndProject
Project("{FAE04EC0-301F-11D3-BF4B-00C04F79EFBC}") = "CPG16", "CPG16\CPG16.csproj", "{5E3572FA-465B-446C-A0A6-C85A79D7BABF}"
EndProject
Project("{FAE04EC0-301F-11D3-BF4B-00C04F79EFBC}") = "CPG17", "CPG17\CPG17.csproj", "{66A81686-83E1-4F46-9302-799493F6C632}"
EndProject
Project("{FAE04EC0-301F-11D3-BF4B-00C04F79EFBC}") = "CPG18", "CPG18\CPG18.csproj", "{5759CD46-E144-40C1-8EF5-AB4C923E1CF2}"
EndProject
Project("{FAE04EC0-301F-11D3-BF4B-00C04F79EFBC}") = "CPG19", "CPG19\CPG19.csproj", "{E9A64557-61E7-4933-985F-7F02EFBF7B7C}"
EndProject
Project("{FAE04EC0-301F-11D3-BF4B-00C04F79EFBC}") = "CPG20", "CPG20\CPG20.csproj", "{09314B67-DCF8-4265-98AE-3774020489C8}"
EndProject
Project("{FAE04EC0-301F-11D3-BF4B-00C04F79EFBC}") = "CPG21", "CPG21\CPG21.csproj", "{8B38FE9D-1C5B-4647-90B2-086208EE703B}"
EndProject
Project("{FAE04EC0-301F-11D3-BF4B-00C04F79EFBC}") = "CPG22", "CPG22\CPG22.csproj", "{E603332B-5BCC-4D36-857A-0CE0B5A304BF}"
EndProject
Project("{FAE04EC0-301F-11D3-BF4B-00C04F79EFBC}") = "CPG23", "CPG23\CPG23.csproj", "{98302A57-0C8B-435C-B2BA-21A01895754A}"
EndProject
Project("{FAE04EC0-301F-11D3-BF4B-00C04F79EFBC}") = "CPG24", "CPG24\CPG24.csproj", "{D8C6F016-5610-4F58-87BE-7512297037D2}"
EndProject
Project("{FAE04EC0-301F-11D3-BF4B-00C04F79EFBC}") = "CPG25", "CPG25\CPG25.csproj", "{496D5774-2F9A-413B-9F19-5D045488F01A}"
EndProject
Global
	GlobalSection(SolutionConfigurationPlatforms) = preSolution
		Debug|Any CPU = Debug|Any CPU
		Release|Any CPU = Release|Any CPU
	EndGlobalSection
	GlobalSection(ProjectConfigurationPlatforms) = postSolution
		{2F45B7AE-AFDD-4C60-83A4-93C749A5EB77}.Debug|Any CPU.ActiveCfg = Debug|Any CPU
		{2F45B7AE-AFDD-4C60-83A4-93C749A5EB77}.Debug|Any CPU.Build.0 = Debug|Any CPU
		{2F45B7AE-AFDD-4C60-83A4-93C749A5EB77}.Release|Any CPU.ActiveCfg = Release|Any CPU
		{2F45B7AE-AFDD-4C60-83A4-93C749A5EB77}.Release|Any CPU.Build.0 = Release|Any CPU
		{B60A40D2-4C58-405E-AF96-86ACC94441FC}.Debug|Any CPU.ActiveCfg = Debug|Any CPU
		{B60A40D2-4C58-405E-AF96-86ACC94441FC}.Debug|Any CPU.Build.0 = Debug|Any CPU
		{B60A40D2-4C58-405E-AF96-86ACC94441FC}.Release|Any CPU.ActiveCfg = Release|Any CPU
		{B60A40D2-4C58-405E-AF96-86ACC94441FC}.Release|Any CPU.Build.0 = Release|Any CPU
		{AE3AC8B2-6BAA-4C8E-AC05-03DA2833284A}.Debug|Any CPU.ActiveCfg = Debug|Any CPU
		{AE3AC8B2-6BAA-4C8E-AC05-03DA2833284A}.Debug|Any CPU.Build.0 = Debug|Any CPU
		{AE3AC8B2-6BAA-4C8E-AC05-03DA2833284A}.Release|Any CPU.ActiveCfg = Release|Any CPU
		{AE3AC8B2-6BAA-4C8E-AC05-03DA2833284A}.Release|Any CPU.Build.0 = Release|Any CPU
		{39894878-DC1B-4AA0-93B3-3CEC055942E7}.Debug|Any CPU.ActiveCfg = Debug|Any CPU
		{39894878-DC1B-4AA0-93B3-3CEC055942E7}.Debug|Any CPU.Build.0 = Debug|Any CPU
		{39894878-DC1B-4AA0-93B3-3CEC055942E7}.Release|Any CPU.ActiveCfg = Release|Any CPU
		{39894878-DC1B-4AA0-93B3-3CEC055942E7}.Release|Any CPU.Build.0 = Release|Any CPU
		{7CA5DA58-7DD7-4494-8714-D6E5ECB318BA}.Debug|Any CPU.ActiveCfg = Debug|Any CPU
		{7CA5DA58-7DD7-4494-8714-D6E5ECB318BA}.Debug|Any CPU.Build.0 = Debug|Any CPU
		{7CA5DA58-7DD7-4494-8714-D6E5ECB318BA}.Release|Any CPU.ActiveCfg = Release|Any CPU
		{7CA5DA58-7DD7-4494-8714-D6E5ECB318BA}.Release|Any CPU.Build.0 = Release|Any CPU
		{009E658E-AD7D-4AF7-AA5B-20C18E4E73BB}.Debug|Any CPU.ActiveCfg = Debug|Any CPU
		{009E658E-AD7D-4AF7-AA5B-20C18E4E73BB}.Debug|Any CPU.Build.0 = Debug|Any CPU
		{009E658E-AD7D-4AF7-AA5B-20C18E4E73BB}.Release|Any CPU.ActiveCfg = Release|Any CPU
		{009E658E-AD7D-4AF7-AA5B-20C18E4E73BB}.Release|Any CPU.Build.0 = Release|Any CPU
		{1ABCD087-7DCF-446B-8A22-ED1A80273051}.Debug|Any CPU.ActiveCfg = Debug|Any CPU
		{1ABCD087-7DCF-446B-8A22-ED1A80273051}.Debug|Any CPU.Build.0 = Debug|Any CPU
		{1ABCD087-7DCF-446B-8A22-ED1A80273051}.Release|Any CPU.ActiveCfg = Release|Any CPU
		{1ABCD087-7DCF-446B-8A22-ED1A80273051}.Release|Any CPU.Build.0 = Release|Any CPU
		{293B62A4-6C6A-4759-9FB1-CE7B1B60A823}.Debug|Any CPU.ActiveCfg = Debug|Any CPU
		{293B62A4-6C6A-4759-9FB1-CE7B1B60A823}.Debug|Any CPU.Build.0 = Debug|Any CPU
		{293B62A4-6C6A-4759-9FB1-CE7B1B60A823}.Release|Any CPU.ActiveCfg = Release|Any CPU
		{293B62A4-6C6A-4759-9FB1-CE7B1B60A823}.Release|Any CPU.Build.0 = Release|Any CPU
		{0206FCE5-3044-4F8F-9AEA-EEDC6F1B4D13}.Debug|Any CPU.ActiveCfg = Debug|Any CPU
		{0206FCE5-3044-4F8F-9AEA-EEDC6F1B4D13}.Debug|Any CPU.Build.0 = Debug|Any CPU
		{0206FCE5-3044-4F8F-9AEA-EEDC6F1B4D13}.Release|Any CPU.ActiveCfg = Release|Any CPU
		{0206FCE5-3044-4F8F-9AEA-EEDC6F1B4D13}.Release|Any CPU.Build.0 = Release|Any CPU
		{10CEF4FE-3D85-48E7-A5AC-3E9BBE4A5011}.Debug|Any CPU.ActiveCfg = Debug|Any CPU
		{10CEF4FE-3D85-48E7-A5AC-3E9BBE4A5011}.Debug|Any CPU.Build.0 = Debug|Any CPU
		{10CEF4FE-3D85-48E7-A5AC-3E9BBE4A5011}.Release|Any CPU.ActiveCfg = Release|Any CPU
		{10CEF4FE-3D85-48E7-A5AC-3E9BBE4A5011}.Release|Any CPU.Build.0 = Release|Any CPU
		{F86BEBD8-E1E2-416C-B850-4FE417D27250}.Debug|Any CPU.ActiveCfg = Debug|Any CPU
		{F86BEBD8-E1E2-416C-B850-4FE417D27250}.Debug|Any CPU.Build.0 = Debug|Any CPU
		{F86BEBD8-E1E2-416C-B850-4FE417D27250}.Release|Any CPU.ActiveCfg = Release|Any CPU
		{F86BEBD8-E1E2-416C-B850-4FE417D27250}.Release|Any CPU.Build.0 = Release|Any CPU
		{30AEEF68-D907-4FAC-9434-39990CF1E3BB}.Debug|Any CPU.ActiveCfg = Debug|Any CPU
		{30AEEF68-D907-4FAC-9434-39990CF1E3BB}.Debug|Any CPU.Build.0 = Debug|Any CPU
		{30AEEF68-D907-4FAC-9434-39990CF1E3BB}.Release|Any CPU.ActiveCfg = Release|Any CPU
		{30AEEF68-D907-4FAC-9434-39990CF1E3BB}.Release|Any CPU.Build.0 = Release|Any CPU
		{94CCA004-8E9E-4653-BF92-369A2D41ECFA}.Debug|Any CPU.ActiveCfg = Debug|Any CPU
		{94CCA004-8E9E-4653-BF92-369A2D41ECFA}.Debug|Any CPU.Build.0 = Debug|Any CPU
		{94CCA004-8E9E-4653-BF92-369A2D41ECFA}.Release|Any CPU.ActiveCfg = Release|Any CPU
		{94CCA004-8E9E-4653-BF92-369A2D41ECFA}.Release|Any CPU.Build.0 = Release|Any CPU
		{B793BE46-E7B6-4F68-AD26-4FFEBB489ADA}.Debug|Any CPU.ActiveCfg = Debug|Any CPU
		{B793BE46-E7B6-4F68-AD26-4FFEBB489ADA}.Debug|Any CPU.Build.0 = Debug|Any CPU
		{B793BE46-E7B6-4F68-AD26-4FFEBB489ADA}.Release|Any CPU.ActiveCfg = Release|Any CPU
		{B793BE46-E7B6-4F68-AD26-4FFEBB489ADA}.Release|Any CPU.Build.0 = Release|Any CPU
		{6B0C9DD1-8058-407E-A7EB-64DF41A93E57}.Debug|Any CPU.ActiveCfg = Debug|Any CPU
		{6B0C9DD1-8058-407E-A7EB-64DF41A93E57}.Debug|Any CPU.Build.0 = Debug|Any CPU
		{6B0C9DD1-8058-407E-A7EB-64DF41A93E57}.Release|Any CPU.ActiveCfg = Release|Any CPU
		{6B0C9DD1-8058-407E-A7EB-64DF41A93E57}.Release|Any CPU.Build.0 = Release|Any CPU
		{5E3572FA-465B-446C-A0A6-C85A79D7BABF}.Debug|Any CPU.ActiveCfg = Debug|Any CPU
		{5E3572FA-465B-446C-A0A6-C85A79D7BABF}.Debug|Any CPU.Build.0 = Debug|Any CPU
		{5E3572FA-465B-446C-A0A6-C85A79D7BABF}.Release|Any CPU.ActiveCfg = Release|Any CPU
		{5E3572FA-465B-446C-A0A6-C85A79D7BABF}.Release|Any CPU.Build.0 = Release|Any CPU
		{66A81686-83E1-4F46-9302-799493F6C632}.Debug|Any CPU.ActiveCfg = Debug|Any CPU
		{66A81686-83E1-4F46-9302-799493F6C632}.Debug|Any CPU.Build.0 = Debug|Any CPU
		{66A81686-83E1-4F46-9302-799493F6C632}.Release|Any CPU.ActiveCfg = Release|Any CPU
		{66A81686-83E1-4F46-9302-799493F6C632}.Release|Any CPU.Build.0 = Release|Any CPU
		{5759CD46-E144-40C1-8EF5-AB4C923E1CF2}.Debug|Any CPU.ActiveCfg = Debug|Any CPU
		{5759CD46-E144-40C1-8EF5-AB4C923E1CF2}.Debug|Any CPU.Build.0 = Debug|Any CPU
		{5759CD46-E144-40C1-8EF5-AB4C923E1CF2}.Release|Any CPU.ActiveCfg = Release|Any CPU
		{5759CD46-E144-40C1-8EF5-AB4C923E1CF2}.Release|Any CPU.Build.0 = Release|Any CPU
		{E9A64557-61E7-4933-985F-7F02EFBF7B7C}.Debug|Any CPU.ActiveCfg = Debug|Any CPU
		{E9A64557-61E7-4933-985F-7F02EFBF7B7C}.Debug|Any CPU.Build.0 = Debug|Any CPU
		{E9A64557-61E7-4933-985F-7F02EFBF7B7C}.Release|Any CPU.ActiveCfg = Release|Any CPU
		{E9A64557-61E7-4933-985F-7F02EFBF7B7C}.Release|Any CPU.Build.0 = Release|Any CPU
		{09314B67-DCF8-4265-98AE-3774020489C8}.Debug|Any CPU.ActiveCfg = Debug|Any CPU
		{09314B67-DCF8-4265-98AE-3774020489C8}.Debug|Any CPU.Build.0 = Debug|Any CPU
		{09314B67-DCF8-4265-98AE-3774020489C8}.Release|Any CPU.ActiveCfg = Release|Any CPU
		{09314B67-DCF8-4265-98AE-3774020489C8}.Release|Any CPU.Build.0 = Release|Any CPU
		{8B38FE9D-1C5B-4647-90B2-086208EE703B}.Debug|Any CPU.ActiveCfg = Debug|Any CPU
		{8B38FE9D-1C5B-4647-90B2-086208EE703B}.Debug|Any CPU.Build.0 = Debug|Any CPU
		{8B38FE9D-1C5B-4647-90B2-086208EE703B}.Release|Any CPU.ActiveCfg = Release|Any CPU
		{8B38FE9D-1C5B-4647-90B2-086208EE703B}.Release|Any CPU.Build.0 = Release|Any CPU
		{E603332B-5BCC-4D36-857A-0CE0B5A304BF}.Debug|Any CPU.ActiveCfg = Debug|Any CPU
		{E603332B-5BCC-4D36-857A-0CE0B5A304BF}.Debug|Any CPU.Build.0 = Debug|Any CPU
		{E603332B-5BCC-4D36-857A-0CE0B5A304BF}.Release|Any CPU.ActiveCfg = Release|Any CPU
		{E603332B-5BCC-4D36-857A-0CE0B5A304BF}.Release|Any CPU.Build.0 = Release|Any CPU
		{98302A57-0C8B-435C-B2BA-21A01895754A}.Debug|Any CPU.ActiveCfg = Debug|Any CPU
		{98302A57-0C8B-435C-B2BA-21A01895754A}.Debug|Any CPU.Build.0 = Debug|Any CPU
		{98302A57-0C8B-435C-B2BA-21A01895754A}.Release|Any CPU.ActiveCfg = Release|Any CPU
		{98302A57-0C8B-435C-B2BA-21A01895754A}.Release|Any CPU.Build.0 = Release|Any CPU
		{D8C6F016-5610-4F58-87BE-7512297037D2}.Debug|Any CPU.ActiveCfg = Debug|Any CPU
		{D8C6F016-5610-4F58-87BE-7512297037D2}.Debug|Any CPU.Build.0 = Debug|Any CPU
		{D8C6F016-5610-4F58-87BE-7512297037D2}.Release|Any CPU.ActiveCfg = Release|Any CPU
		{D8C6F016-5610-4F58-87BE-7512297037D2}.Release|Any CPU.Build.0 = Release|Any CPU
		{496D5774-2F9A-413B-9F19-5D045488F01A}.Debug|Any CPU.ActiveCfg = Debug|Any CPU
		{496D5774-2F9A-413B-9F19-5D045488F01A}.Debug|Any CPU.Build.0 = Debug|Any CPU
		{496D5774-2F9A-413B-9F19-5D045488F01A}.Release|Any CPU.ActiveCfg = Release|Any CPU
		{496D5774-2F9A-413B-9F19-5D045488F01A}.Release|Any CPU.Build.0 = Release|Any CPU
	EndGlobalSection
EndGlobal
